dependencies:
  idf:
    source:
      type: idf
    version: 6.1.0
  zorxx/dht:
    component_hash: 5bac146b1e31cd739dba6e3edb791fac1052221ed2e38a30f8c575bee1e96c13
    dependencies: []
    source:
      registry_url: https://components.espressif.com/
      type: service
    version: 1.0.2
direct_dependencies:
- zorxx/dht
manifest_hash: 726453106d6f84380e89ae5a44e516aedc8b3e8ea1722978a5e91c9702d09327
target: esp32
version: 3.0.0
